
Microsoft Visual Studio Solution File, Format Version 12.00
# Visual Studio Version 17
VisualStudioVersion = 17.0.31903.59
MinimumVisualStudioVersion = 10.0.40219.1
Project("{F2A71F9B-5D33-465A-A702-920D77279786}") = "Fable.TensorFlow", "Fable.TensorFlow.fsproj", "{B9B29772-A6A5-426C-9293-0ADAF9084938}"
EndProject
Project("{2150E333-8FDC-42A3-9474-1A3956D46DE8}") = "fable", "fable", "{B85D5D74-0535-420D-A581-9C4097B02889}"
EndProject
Project("{F2A71F9B-5D33-465A-A702-920D77279786}") = "tests", "fable\tests\tests.fsproj", "{6DFD3174-73CB-48C1-A968-BB8ED185F79A}"
EndProject
Global
	GlobalSection(SolutionProperties) = preSolution
		HideSolutionNode = FALSE
	EndGlobalSection
	GlobalSection(SolutionConfigurationPlatforms) = preSolution
		Debug|Any CPU = Debug|Any CPU
		Debug|x64 = Debug|x64
		Debug|x86 = Debug|x86
		Release|Any CPU = Release|Any CPU
		Release|x64 = Release|x64
		Release|x86 = Release|x86
	EndGlobalSection
	GlobalSection(ProjectConfigurationPlatforms) = postSolution
		{B9B29772-A6A5-426C-9293-0ADAF9084938}.Debug|Any CPU.ActiveCfg = Debug|Any CPU
		{B9B29772-A6A5-426C-9293-0ADAF9084938}.Debug|Any CPU.Build.0 = Debug|Any CPU
		{B9B29772-A6A5-426C-9293-0ADAF9084938}.Debug|x64.ActiveCfg = Debug|Any CPU
		{B9B29772-A6A5-426C-9293-0ADAF9084938}.Debug|x64.Build.0 = Debug|Any CPU
		{B9B29772-A6A5-426C-9293-0ADAF9084938}.Debug|x86.ActiveCfg = Debug|Any CPU
		{B9B29772-A6A5-426C-9293-0ADAF9084938}.Debug|x86.Build.0 = Debug|Any CPU
		{B9B29772-A6A5-426C-9293-0ADAF9084938}.Release|Any CPU.ActiveCfg = Release|Any CPU
		{B9B29772-A6A5-426C-9293-0ADAF9084938}.Release|Any CPU.Build.0 = Release|Any CPU
		{B9B29772-A6A5-426C-9293-0ADAF9084938}.Release|x64.ActiveCfg = Release|Any CPU
		{B9B29772-A6A5-426C-9293-0ADAF9084938}.Release|x64.Build.0 = Release|Any CPU
		{B9B29772-A6A5-426C-9293-0ADAF9084938}.Release|x86.ActiveCfg = Release|Any CPU
		{B9B29772-A6A5-426C-9293-0ADAF9084938}.Release|x86.Build.0 = Release|Any CPU
		{6DFD3174-73CB-48C1-A968-BB8ED185F79A}.Debug|Any CPU.ActiveCfg = Debug|Any CPU
		{6DFD3174-73CB-48C1-A968-BB8ED185F79A}.Debug|Any CPU.Build.0 = Debug|Any CPU
		{6DFD3174-73CB-48C1-A968-BB8ED185F79A}.Debug|x64.ActiveCfg = Debug|Any CPU
		{6DFD3174-73CB-48C1-A968-BB8ED185F79A}.Debug|x64.Build.0 = Debug|Any CPU
		{6DFD3174-73CB-48C1-A968-BB8ED185F79A}.Debug|x86.ActiveCfg = Debug|Any CPU
		{6DFD3174-73CB-48C1-A968-BB8ED185F79A}.Debug|x86.Build.0 = Debug|Any CPU
		{6DFD3174-73CB-48C1-A968-BB8ED185F79A}.Release|Any CPU.ActiveCfg = Release|Any CPU
		{6DFD3174-73CB-48C1-A968-BB8ED185F79A}.Release|Any CPU.Build.0 = Release|Any CPU
		{6DFD3174-73CB-48C1-A968-BB8ED185F79A}.Release|x64.ActiveCfg = Release|Any CPU
		{6DFD3174-73CB-48C1-A968-BB8ED185F79A}.Release|x64.Build.0 = Release|Any CPU
		{6DFD3174-73CB-48C1-A968-BB8ED185F79A}.Release|x86.ActiveCfg = Release|Any CPU
		{6DFD3174-73CB-48C1-A968-BB8ED185F79A}.Release|x86.Build.0 = Release|Any CPU
	EndGlobalSection
	GlobalSection(NestedProjects) = preSolution
		{6DFD3174-73CB-48C1-A968-BB8ED185F79A} = {B85D5D74-0535-420D-A581-9C4097B02889}
	EndGlobalSection
EndGlobal
